
Microsoft Visual Studio Solution File, Format Version 12.00
# Visual Studio Version 16
VisualStudioVersion = 16.0.30804.86
MinimumVisualStudioVersion = 10.0.40219.1
Project("{FAE04EC0-301F-11D3-BF4B-00C04F79EFBC}") = "string.StartsWith()", "string.StartsWith()\string.StartsWith().csproj", "{824C4E81-4987-4DC7-86AA-C9FB225AFA33}"
EndProject
Global
	GlobalSection(SolutionConfigurationPlatforms) = preSolution
		Debug|Any CPU = Debug|Any CPU
		Release|Any CPU = Release|Any CPU
	EndGlobalSection
	GlobalSection(ProjectConfigurationPlatforms) = postSolution
		{824C4E81-4987-4DC7-86AA-C9FB225AFA33}.Debug|Any CPU.ActiveCfg = Debug|Any CPU
		{824C4E81-4987-4DC7-86AA-C9FB225AFA33}.Debug|Any CPU.Build.0 = Debug|Any CPU
		{824C4E81-4987-4DC7-86AA-C9FB225AFA33}.Release|Any CPU.ActiveCfg = Release|Any CPU
		{824C4E81-4987-4DC7-86AA-C9FB225AFA33}.Release|Any CPU.Build.0 = Release|Any CPU
	EndGlobalSection
	GlobalSection(SolutionProperties) = preSolution
		HideSolutionNode = FALSE
	EndGlobalSection
	GlobalSection(ExtensibilityGlobals) = postSolution
		SolutionGuid = {5BDDD209-C4E4-4F9C-BB98-06011208BDFC}
	EndGlobalSection
EndGlobal
